// !$*UTF8*$!
{
	archiveVersion = 1;
	classes = {
	};
	objectVersion = 50;
	objects = {

/* Begin PBXBuildFile section */
		A298738D212E7703008D2009 /* AppDelegate.swift in Sources */ = {isa = PBXBuildFile; fileRef = A298738C212E7703008D2009 /* AppDelegate.swift */; };
		A298738F212E7703008D2009 /* ViewController.swift in Sources */ = {isa = PBXBuildFile; fileRef = A298738E212E7703008D2009 /* ViewController.swift */; };
		A2987392212E7703008D2009 /* Main.storyboard in Resources */ = {isa = PBXBuildFile; fileRef = A2987390212E7703008D2009 /* Main.storyboard */; };
		A2987394212E770A008D2009 /* Assets.xcassets in Resources */ = {isa = PBXBuildFile; fileRef = A2987393212E770A008D2009 /* Assets.xcassets */; };
		A2987397212E770A008D2009 /* LaunchScreen.storyboard in Resources */ = {isa = PBXBuildFile; fileRef = A2987395212E770A008D2009 /* LaunchScreen.storyboard */; };
		A29873A4212E7FA0008D2009 /* Localizable.strings in Resources */ = {isa = PBXBuildFile; fileRef = A29873A6212E7FA0008D2009 /* Localizable.strings */; };
		CDBF4D86F4E4ADF7468F5C2F /* Pods_LINKa.framework in Frameworks */ = {isa = PBXBuildFile; fileRef = 31646D6E5F9D777A71972980 /* Pods_LINKa.framework */; };
/* End PBXBuildFile section */

/* Begin PBXFileReference section */
		31646D6E5F9D777A71972980 /* Pods_LINKa.framework */ = {isa = PBXFileReference; explicitFileType = wrapper.framework; includeInIndex = 0; path = Pods_LINKa.framework; sourceTree = BUILT_PRODUCTS_DIR; };
		469E731B3994A53AB9C635A9 /* Pods-LINKa.release.xcconfig */ = {isa = PBXFileReference; includeInIndex = 1; lastKnownFileType = text.xcconfig; name = "Pods-LINKa.release.xcconfig"; path = "Pods/Target Support Files/Pods-LINKa/Pods-LINKa.release.xcconfig"; sourceTree = "<group>"; };
		6FADAE7CAF1F4304FE1D3C13 /* Pods-LINKa.debug.xcconfig */ = {isa = PBXFileReference; includeInIndex = 1; lastKnownFileType = text.xcconfig; name = "Pods-LINKa.debug.xcconfig"; path = "Pods/Target Support Files/Pods-LINKa/Pods-LINKa.debug.xcconfig"; sourceTree = "<group>"; };
		A2987389212E7703008D2009 /* LINKa.app */ = {isa = PBXFileReference; explicitFileType = wrapper.application; includeInIndex = 0; path = LINKa.app; sourceTree = BUILT_PRODUCTS_DIR; };
		A298738C212E7703008D2009 /* AppDelegate.swift */ = {isa = PBXFileReference; lastKnownFileType = sourcecode.swift; path = AppDelegate.swift; sourceTree = "<group>"; };
		A298738E212E7703008D2009 /* ViewController.swift */ = {isa = PBXFileReference; lastKnownFileType = sourcecode.swift; path = ViewController.swift; sourceTree = "<group>"; };
		A2987391212E7703008D2009 /* Base */ = {isa = PBXFileReference; lastKnownFileType = file.storyboard; name = Base; path = Base.lproj/Main.storyboard; sourceTree = "<group>"; };
		A2987393212E770A008D2009 /* Assets.xcassets */ = {isa = PBXFileReference; lastKnownFileType = folder.assetcatalog; path = Assets.xcassets; sourceTree = "<group>"; };
		A2987396212E770A008D2009 /* Base */ = {isa = PBXFileReference; lastKnownFileType = file.storyboard; name = Base; path = Base.lproj/LaunchScreen.storyboard; sourceTree = "<group>"; };
		A2987398212E770A008D2009 /* Info.plist */ = {isa = PBXFileReference; lastKnownFileType = text.plist.xml; path = Info.plist; sourceTree = "<group>"; };
		A29873A7212E7FB5008D2009 /* ru */ = {isa = PBXFileReference; lastKnownFileType = text.plist.strings; name = ru; path = ru.lproj/Localizable.strings; sourceTree = "<group>"; };
		A29873A8212E8083008D2009 /* Base */ = {isa = PBXFileReference; lastKnownFileType = text.plist.strings; name = Base; path = Base.lproj/Localizable.strings; sourceTree = "<group>"; };
/* End PBXFileReference section */

/* Begin PBXFrameworksBuildPhase section */
		A2987386212E7703008D2009 /* Frameworks */ = {
			isa = PBXFrameworksBuildPhase;
			buildActionMask = 2147483647;
			files = (
				CDBF4D86F4E4ADF7468F5C2F /* Pods_LINKa.framework in Frameworks */,
			);
			runOnlyForDeploymentPostprocessing = 0;
		};
/* End PBXFrameworksBuildPhase section */

/* Begin PBXGroup section */
		879BE177664CB452AEDED0BA /* Pods */ = {
			isa = PBXGroup;
			children = (
				6FADAE7CAF1F4304FE1D3C13 /* Pods-LINKa.debug.xcconfig */,
				469E731B3994A53AB9C635A9 /* Pods-LINKa.release.xcconfig */,
			);
			name = Pods;
			sourceTree = "<group>";
		};
		A2987380212E7702008D2009 = {
			isa = PBXGroup;
			children = (
				A298738B212E7703008D2009 /* LINKa */,
				A298738A212E7703008D2009 /* Products */,
				879BE177664CB452AEDED0BA /* Pods */,
				C48171256C2D176E0E12296B /* Frameworks */,
			);
			sourceTree = "<group>";
		};
		A298738A212E7703008D2009 /* Products */ = {
			isa = PBXGroup;
			children = (
				A2987389212E7703008D2009 /* LINKa.app */,
			);
			name = Products;
			sourceTree = "<group>";
		};
		A298738B212E7703008D2009 /* LINKa */ = {
			isa = PBXGroup;
			children = (
				A29873A1212E7EEB008D2009 /* Scenes */,
				A298739E212E774D008D2009 /* Resources */,
				A298738C212E7703008D2009 /* AppDelegate.swift */,
			);
			path = LINKa;
			sourceTree = "<group>";
		};
		A298739E212E774D008D2009 /* Resources */ = {
			isa = PBXGroup;
			children = (
				A2987398212E770A008D2009 /* Info.plist */,
				A2987393212E770A008D2009 /* Assets.xcassets */,
				A2987395212E770A008D2009 /* LaunchScreen.storyboard */,
				A29873A6212E7FA0008D2009 /* Localizable.strings */,
			);
			name = Resources;
			sourceTree = "<group>";
		};
		A29873A1212E7EEB008D2009 /* Scenes */ = {
			isa = PBXGroup;
			children = (
				A298738E212E7703008D2009 /* ViewController.swift */,
				A2987390212E7703008D2009 /* Main.storyboard */,
			);
			path = Scenes;
			sourceTree = "<group>";
		};
		C48171256C2D176E0E12296B /* Frameworks */ = {
			isa = PBXGroup;
			children = (
				31646D6E5F9D777A71972980 /* Pods_LINKa.framework */,
			);
			name = Frameworks;
			sourceTree = "<group>";
		};
/* End PBXGroup section */

/* Begin PBXNativeTarget section */
		A2987388212E7703008D2009 /* LINKa */ = {
			isa = PBXNativeTarget;
			buildConfigurationList = A298739B212E770A008D2009 /* Build configuration list for PBXNativeTarget "LINKa" */;
			buildPhases = (
				2DCD633811CC71619852A621 /* [CP] Check Pods Manifest.lock */,
				A2987385212E7703008D2009 /* Sources */,
				A2987386212E7703008D2009 /* Frameworks */,
				A2987387212E7703008D2009 /* Resources */,
				C061778723DD7CC4735C5445 /* [CP] Embed Pods Frameworks */,
			);
			buildRules = (
			);
			dependencies = (
			);
			name = LINKa;
			productName = LINKa;
			productReference = A2987389212E7703008D2009 /* LINKa.app */;
			productType = "com.apple.product-type.application";
		};
/* End PBXNativeTarget section */

/* Begin PBXProject section */
		A2987381212E7702008D2009 /* Project object */ = {
			isa = PBXProject;
			attributes = {
				LastSwiftUpdateCheck = 0940;
				LastUpgradeCheck = 0940;
				ORGANIZATIONNAME = "Evan Butler";
				TargetAttributes = {
					A2987388212E7703008D2009 = {
						CreatedOnToolsVersion = 9.4;
					};
				};
			};
			buildConfigurationList = A2987384212E7702008D2009 /* Build configuration list for PBXProject "LINKa" */;
			compatibilityVersion = "Xcode 9.3";
			developmentRegion = en;
			hasScannedForEncodings = 0;
			knownRegions = (
				Base,
				ru,
			);
			mainGroup = A2987380212E7702008D2009;
			productRefGroup = A298738A212E7703008D2009 /* Products */;
			projectDirPath = "";
			projectRoot = "";
			targets = (
				A2987388212E7703008D2009 /* LINKa */,
			);
		};
/* End PBXProject section */

/* Begin PBXResourcesBuildPhase section */
		A2987387212E7703008D2009 /* Resources */ = {
			isa = PBXResourcesBuildPhase;
			buildActionMask = 2147483647;
			files = (
				A2987397212E770A008D2009 /* LaunchScreen.storyboard in Resources */,
				A29873A4212E7FA0008D2009 /* Localizable.strings in Resources */,
				A2987394212E770A008D2009 /* Assets.xcassets in Resources */,
				A2987392212E7703008D2009 /* Main.storyboard in Resources */,
			);
			runOnlyForDeploymentPostprocessing = 0;
		};
/* End PBXResourcesBuildPhase section */

/* Begin PBXShellScriptBuildPhase section */
		2DCD633811CC71619852A621 /* [CP] Check Pods Manifest.lock */ = {
			isa = PBXShellScriptBuildPhase;
			buildActionMask = 2147483647;
			files = (
			);
			inputPaths = (
				"${PODS_PODFILE_DIR_PATH}/Podfile.lock",
				"${PODS_ROOT}/Manifest.lock",
			);
			name = "[CP] Check Pods Manifest.lock";
			outputPaths = (
				"$(DERIVED_FILE_DIR)/Pods-LINKa-checkManifestLockResult.txt",
			);
			runOnlyForDeploymentPostprocessing = 0;
			shellPath = /bin/sh;
			shellScript = "diff \"${PODS_PODFILE_DIR_PATH}/Podfile.lock\" \"${PODS_ROOT}/Manifest.lock\" > /dev/null\nif [ $? != 0 ] ; then\n    # print error to STDERR\n    echo \"error: The sandbox is not in sync with the Podfile.lock. Run 'pod install' or update your CocoaPods installation.\" >&2\n    exit 1\nfi\n# This output is used by Xcode 'outputs' to avoid re-running this script phase.\necho \"SUCCESS\" > \"${SCRIPT_OUTPUT_FILE_0}\"\n";
			showEnvVarsInLog = 0;
		};
		C061778723DD7CC4735C5445 /* [CP] Embed Pods Frameworks */ = {
			isa = PBXShellScriptBuildPhase;
			buildActionMask = 2147483647;
			files = (
			);
			inputPaths = (
				"${SRCROOT}/Pods/Target Support Files/Pods-LINKa/Pods-LINKa-frameworks.sh",
				"${BUILT_PRODUCTS_DIR}/Alamofire/Alamofire.framework",
				"${BUILT_PRODUCTS_DIR}/AlamofireObjectMapper/AlamofireObjectMapper.framework",
				"${BUILT_PRODUCTS_DIR}/IQKeyboardManagerSwift/IQKeyboardManagerSwift.framework",
				"${BUILT_PRODUCTS_DIR}/ObjectMapper/ObjectMapper.framework",
				"${BUILT_PRODUCTS_DIR}/R.swift.Library/Rswift.framework",
				"${BUILT_PRODUCTS_DIR}/RxAlamofire/RxAlamofire.framework",
				"${BUILT_PRODUCTS_DIR}/RxSwift/RxSwift.framework",
				"${BUILT_PRODUCTS_DIR}/SegueKit/SegueKit.framework",
			);
			name = "[CP] Embed Pods Frameworks";
			outputPaths = (
				"${TARGET_BUILD_DIR}/${FRAMEWORKS_FOLDER_PATH}/Alamofire.framework",
				"${TARGET_BUILD_DIR}/${FRAMEWORKS_FOLDER_PATH}/AlamofireObjectMapper.framework",
				"${TARGET_BUILD_DIR}/${FRAMEWORKS_FOLDER_PATH}/IQKeyboardManagerSwift.framework",
				"${TARGET_BUILD_DIR}/${FRAMEWORKS_FOLDER_PATH}/ObjectMapper.framework",
				"${TARGET_BUILD_DIR}/${FRAMEWORKS_FOLDER_PATH}/Rswift.framework",
				"${TARGET_BUILD_DIR}/${FRAMEWORKS_FOLDER_PATH}/RxAlamofire.framework",
				"${TARGET_BUILD_DIR}/${FRAMEWORKS_FOLDER_PATH}/RxSwift.framework",
				"${TARGET_BUILD_DIR}/${FRAMEWORKS_FOLDER_PATH}/SegueKit.framework",
			);
			runOnlyForDeploymentPostprocessing = 0;
			shellPath = /bin/sh;
			shellScript = "\"${SRCROOT}/Pods/Target Support Files/Pods-LINKa/Pods-LINKa-frameworks.sh\"\n";
			showEnvVarsInLog = 0;
		};
/* End PBXShellScriptBuildPhase section */

/* Begin PBXSourcesBuildPhase section */
		A2987385212E7703008D2009 /* Sources */ = {
			isa = PBXSourcesBuildPhase;
			buildActionMask = 2147483647;
			files = (
				A298738F212E7703008D2009 /* ViewController.swift in Sources */,
				A298738D212E7703008D2009 /* AppDelegate.swift in Sources */,
			);
			runOnlyForDeploymentPostprocessing = 0;
		};
/* End PBXSourcesBuildPhase section */

/* Begin PBXVariantGroup section */
		A2987390212E7703008D2009 /* Main.storyboard */ = {
			isa = PBXVariantGroup;
			children = (
				A2987391212E7703008D2009 /* Base */,
			);
			name = Main.storyboard;
			sourceTree = "<group>";
		};
		A2987395212E770A008D2009 /* LaunchScreen.storyboard */ = {
			isa = PBXVariantGroup;
			children = (
				A2987396212E770A008D2009 /* Base */,
			);
			name = LaunchScreen.storyboard;
			sourceTree = "<group>";
		};
		A29873A6212E7FA0008D2009 /* Localizable.strings */ = {
			isa = PBXVariantGroup;
			children = (
				A29873A7212E7FB5008D2009 /* ru */,
				A29873A8212E8083008D2009 /* Base */,
			);
			name = Localizable.strings;
			sourceTree = "<group>";
		};
/* End PBXVariantGroup section */

/* Begin XCBuildConfiguration section */
		A2987399212E770A008D2009 /* Debug */ = {
			isa = XCBuildConfiguration;
			buildSettings = {
				ALWAYS_SEARCH_USER_PATHS = NO;
				CLANG_ANALYZER_LOCALIZABILITY_NONLOCALIZED = YES;
				CLANG_ANALYZER_NONNULL = YES;
				CLANG_ANALYZER_NUMBER_OBJECT_CONVERSION = YES_AGGRESSIVE;
				CLANG_CXX_LANGUAGE_STANDARD = "gnu++14";
				CLANG_CXX_LIBRARY = "libc++";
				CLANG_ENABLE_MODULES = YES;
				CLANG_ENABLE_OBJC_ARC = YES;
				CLANG_ENABLE_OBJC_WEAK = YES;
				CLANG_WARN_BLOCK_CAPTURE_AUTORELEASING = YES;
				CLANG_WARN_BOOL_CONVERSION = YES;
				CLANG_WARN_COMMA = YES;
				CLANG_WARN_CONSTANT_CONVERSION = YES;
				CLANG_WARN_DEPRECATED_OBJC_IMPLEMENTATIONS = YES;
				CLANG_WARN_DIRECT_OBJC_ISA_USAGE = YES_ERROR;
				CLANG_WARN_DOCUMENTATION_COMMENTS = YES;
				CLANG_WARN_EMPTY_BODY = YES;
				CLANG_WARN_ENUM_CONVERSION = YES;
				CLANG_WARN_INFINITE_RECURSION = YES;
				CLANG_WARN_INT_CONVERSION = YES;
				CLANG_WARN_NON_LITERAL_NULL_CONVERSION = YES;
				CLANG_WARN_OBJC_IMPLICIT_RETAIN_SELF = YES;
				CLANG_WARN_OBJC_LITERAL_CONVERSION = YES;
				CLANG_WARN_OBJC_ROOT_CLASS = YES_ERROR;
				CLANG_WARN_RANGE_LOOP_ANALYSIS = YES;
				CLANG_WARN_STRICT_PROTOTYPES = YES;
				CLANG_WARN_SUSPICIOUS_MOVE = YES;
				CLANG_WARN_UNGUARDED_AVAILABILITY = YES_AGGRESSIVE;
				CLANG_WARN_UNREACHABLE_CODE = YES;
				CLANG_WARN__DUPLICATE_METHOD_MATCH = YES;
				CODE_SIGN_IDENTITY = "iPhone Developer";
				COPY_PHASE_STRIP = NO;
				DEBUG_INFORMATION_FORMAT = dwarf;
				ENABLE_STRICT_OBJC_MSGSEND = YES;
				ENABLE_TESTABILITY = YES;
				GCC_C_LANGUAGE_STANDARD = gnu11;
				GCC_DYNAMIC_NO_PIC = NO;
				GCC_NO_COMMON_BLOCKS = YES;
				GCC_OPTIMIZATION_LEVEL = 0;
				GCC_PREPROCESSOR_DEFINITIONS = (
					"DEBUG=1",
					"$(inherited)",
				);
				GCC_WARN_64_TO_32_BIT_CONVERSION = YES;
				GCC_WARN_ABOUT_RETURN_TYPE = YES_ERROR;
				GCC_WARN_UNDECLARED_SELECTOR = YES;
				GCC_WARN_UNINITIALIZED_AUTOS = YES_AGGRESSIVE;
				GCC_WARN_UNUSED_FUNCTION = YES;
				GCC_WARN_UNUSED_VARIABLE = YES;
				IPHONEOS_DEPLOYMENT_TARGET = 11.4;
				MTL_ENABLE_DEBUG_INFO = YES;
				ONLY_ACTIVE_ARCH = YES;
				SDKROOT = iphoneos;
				SWIFT_ACTIVE_COMPILATION_CONDITIONS = DEBUG;
				SWIFT_OPTIMIZATION_LEVEL = "-Onone";
			};
			name = Debug;
		};
		A298739A212E770A008D2009 /* Release */ = {
			isa = XCBuildConfiguration;
			buildSettings = {
				ALWAYS_SEARCH_USER_PATHS = NO;
				CLANG_ANALYZER_LOCALIZABILITY_NONLOCALIZED = YES;
				CLANG_ANALYZER_NONNULL = YES;
				CLANG_ANALYZER_NUMBER_OBJECT_CONVERSION = YES_AGGRESSIVE;
				CLANG_CXX_LANGUAGE_STANDARD = "gnu++14";
				CLANG_CXX_LIBRARY = "libc++";
				CLANG_ENABLE_MODULES = YES;
				CLANG_ENABLE_OBJC_ARC = YES;
				CLANG_ENABLE_OBJC_WEAK = YES;
				CLANG_WARN_BLOCK_CAPTURE_AUTORELEASING = YES;
				CLANG_WARN_BOOL_CONVERSION = YES;
				CLANG_WARN_COMMA = YES;
				CLANG_WARN_CONSTANT_CONVERSION = YES;
				CLANG_WARN_DEPRECATED_OBJC_IMPLEMENTATIONS = YES;
				CLANG_WARN_DIRECT_OBJC_ISA_USAGE = YES_ERROR;
				CLANG_WARN_DOCUMENTATION_COMMENTS = YES;
				CLANG_WARN_EMPTY_BODY = YES;
				CLANG_WARN_ENUM_CONVERSION = YES;
				CLANG_WARN_INFINITE_RECURSION = YES;
				CLANG_WARN_INT_CONVERSION = YES;
				CLANG_WARN_NON_LITERAL_NULL_CONVERSION = YES;
				CLANG_WARN_OBJC_IMPLICIT_RETAIN_SELF = YES;
				CLANG_WARN_OBJC_LITERAL_CONVERSION = YES;
				CLANG_WARN_OBJC_ROOT_CLASS = YES_ERROR;
				CLANG_WARN_RANGE_LOOP_ANALYSIS = YES;
				CLANG_WARN_STRICT_PROTOTYPES = YES;
				CLANG_WARN_SUSPICIOUS_MOVE = YES;
				CLANG_WARN_UNGUARDED_AVAILABILITY = YES_AGGRESSIVE;
				CLANG_WARN_UNREACHABLE_CODE = YES;
				CLANG_WARN__DUPLICATE_METHOD_MATCH = YES;
				CODE_SIGN_IDENTITY = "iPhone Developer";
				COPY_PHASE_STRIP = NO;
				DEBUG_INFORMATION_FORMAT = "dwarf-with-dsym";
				ENABLE_NS_ASSERTIONS = NO;
				ENABLE_STRICT_OBJC_MSGSEND = YES;
				GCC_C_LANGUAGE_STANDARD = gnu11;
				GCC_NO_COMMON_BLOCKS = YES;
				GCC_WARN_64_TO_32_BIT_CONVERSION = YES;
				GCC_WARN_ABOUT_RETURN_TYPE = YES_ERROR;
				GCC_WARN_UNDECLARED_SELECTOR = YES;
				GCC_WARN_UNINITIALIZED_AUTOS = YES_AGGRESSIVE;
				GCC_WARN_UNUSED_FUNCTION = YES;
				GCC_WARN_UNUSED_VARIABLE = YES;
				IPHONEOS_DEPLOYMENT_TARGET = 11.4;
				MTL_ENABLE_DEBUG_INFO = NO;
				SDKROOT = iphoneos;
				SWIFT_COMPILATION_MODE = wholemodule;
				SWIFT_OPTIMIZATION_LEVEL = "-O";
				VALIDATE_PRODUCT = YES;
			};
			name = Release;
		};
		A298739C212E770A008D2009 /* Debug */ = {
			isa = XCBuildConfiguration;
			baseConfigurationReference = 6FADAE7CAF1F4304FE1D3C13 /* Pods-LINKa.debug.xcconfig */;
			buildSettings = {
				ASSETCATALOG_COMPILER_APPICON_NAME = AppIcon;
				CODE_SIGN_STYLE = Automatic;
				DEVELOPMENT_TEAM = 8CH27MWF3A;
				INFOPLIST_FILE = LINKa/Info.plist;
				LD_RUNPATH_SEARCH_PATHS = (
					"$(inherited)",
					"@executable_path/Frameworks",
				);
				PRODUCT_BUNDLE_IDENTIFIER = com.examples.evanbtlr.LINKa;
				PRODUCT_NAME = "$(TARGET_NAME)";
				SWIFT_VERSION = 4.0;
				TARGETED_DEVICE_FAMILY = "1,2";
			};
			name = Debug;
		};
		A298739D212E770A008D2009 /* Release */ = {
			isa = XCBuildConfiguration;
			baseConfigurationReference = 469E731B3994A53AB9C635A9 /* Pods-LINKa.release.xcconfig */;
			buildSettings = {
				ASSETCATALOG_COMPILER_APPICON_NAME = AppIcon;
				CODE_SIGN_STYLE = Automatic;
				DEVELOPMENT_TEAM = 8CH27MWF3A;
				INFOPLIST_FILE = LINKa/Info.plist;
				LD_RUNPATH_SEARCH_PATHS = (
					"$(inherited)",
					"@executable_path/Frameworks",
				);
				PRODUCT_BUNDLE_IDENTIFIER = com.examples.evanbtlr.LINKa;
				PRODUCT_NAME = "$(TARGET_NAME)";
				SWIFT_VERSION = 4.0;
				TARGETED_DEVICE_FAMILY = "1,2";
			};
			name = Release;
		};
/* End XCBuildConfiguration section */

/* Begin XCConfigurationList section */
		A2987384212E7702008D2009 /* Build configuration list for PBXProject "LINKa" */ = {
			isa = XCConfigurationList;
			buildConfigurations = (
				A2987399212E770A008D2009 /* Debug */,
				A298739A212E770A008D2009 /* Release */,
			);
			defaultConfigurationIsVisible = 0;
			defaultConfigurationName = Release;
		};
		A298739B212E770A008D2009 /* Build configuration list for PBXNativeTarget "LINKa" */ = {
			isa = XCConfigurationList;
			buildConfigurations = (
				A298739C212E770A008D2009 /* Debug */,
				A298739D212E770A008D2009 /* Release */,
			);
			defaultConfigurationIsVisible = 0;
			defaultConfigurationName = Release;
		};
/* End XCConfigurationList section */
	};
	rootObject = A2987381212E7702008D2009 /* Project object */;
}
